
Microsoft Visual Studio Solution File, Format Version 12.00
# Visual Studio Version 17
VisualStudioVersion = 17.7.34221.43
MinimumVisualStudioVersion = 10.0.40219.1
Project("{FAE04EC0-301F-11D3-BF4B-00C04F79EFBC}") = "LaçoForeach", "LaçoForeach.csproj", "{1C2FAD32-9650-4FEC-995E-A1ADEFD38F87}"
EndProject
Global
	GlobalSection(SolutionConfigurationPlatforms) = preSolution
		Debug|Any CPU = Debug|Any CPU
		Release|Any CPU = Release|Any CPU
	EndGlobalSection
	GlobalSection(ProjectConfigurationPlatforms) = postSolution
		{1C2FAD32-9650-4FEC-995E-A1ADEFD38F87}.Debug|Any CPU.ActiveCfg = Debug|Any CPU
		{1C2FAD32-9650-4FEC-995E-A1ADEFD38F87}.Debug|Any CPU.Build.0 = Debug|Any CPU
		{1C2FAD32-9650-4FEC-995E-A1ADEFD38F87}.Release|Any CPU.ActiveCfg = Release|Any CPU
		{1C2FAD32-9650-4FEC-995E-A1ADEFD38F87}.Release|Any CPU.Build.0 = Release|Any CPU
	EndGlobalSection
	GlobalSection(SolutionProperties) = preSolution
		HideSolutionNode = FALSE
	EndGlobalSection
	GlobalSection(ExtensibilityGlobals) = postSolution
		SolutionGuid = {DD4E895A-A180-45F7-930C-358C0C27EB66}
	EndGlobalSection
EndGlobal
